
Microsoft Visual Studio Solution File, Format Version 12.00
# Visual Studio Version 16
VisualStudioVersion = 16.0.32428.217
MinimumVisualStudioVersion = 10.0.40219.1
Project("{9A19103F-16F7-4668-BE54-9A1E7A4F7556}") = "AFS", "AFS\AFS.csproj", "{47F132AE-188A-4F1E-942F-4A0677BFD084}"
EndProject
Global
	GlobalSection(SolutionConfigurationPlatforms) = preSolution
		Debug|Any CPU = Debug|Any CPU
		Release|Any CPU = Release|Any CPU
	EndGlobalSection
	GlobalSection(ProjectConfigurationPlatforms) = postSolution
		{47F132AE-188A-4F1E-942F-4A0677BFD084}.Debug|Any CPU.ActiveCfg = Debug|Any CPU
		{47F132AE-188A-4F1E-942F-4A0677BFD084}.Debug|Any CPU.Build.0 = Debug|Any CPU
		{47F132AE-188A-4F1E-942F-4A0677BFD084}.Release|Any CPU.ActiveCfg = Release|Any CPU
		{47F132AE-188A-4F1E-942F-4A0677BFD084}.Release|Any CPU.Build.0 = Release|Any CPU
	EndGlobalSection
	GlobalSection(SolutionProperties) = preSolution
		HideSolutionNode = FALSE
	EndGlobalSection
	GlobalSection(ExtensibilityGlobals) = postSolution
		SolutionGuid = {26D433E5-232B-49FD-83FA-7BF29CC528BB}
	EndGlobalSection
EndGlobal
