{
  "version": 2,
  "dependencies": {
    "net10.0": {
      "Blazored.LocalStorage": {
        "type": "Direct",
        "requested": "[4.5.0, )",
        "resolved": "4.5.0",
        "contentHash": "6nZuJwA7zNIKx83IsObiHXZb09ponJOpCClU3en+hI8ZFvrOKXeOw+H7TegQZQrvdR1n9fkrVkEBQZg8vx6ZTw==",
        "dependencies": {
          "Microsoft.AspNetCore.Components.Web": "8.0.0"
        }
      },
      "Meziantou.Analyzer": {
        "type": "Direct",
        "requested": "[3.0.105, )",
        "resolved": "3.0.105",
        "contentHash": "FIKEIfeyvZTpTounqQKYwuuRR6YWiwzvHIvearkjH7LMIje/+px/WI1ehAob2mPMSC38p13/yIyf6zDQ+d0RTQ=="
      },
      "Microsoft.NET.ILLink.Tasks": {
        "type": "Direct",
        "requested": "[10.0.9, )",
        "resolved": "10.0.9",
        "contentHash": "4Iw41e2h7I4t70SJcX2GCmbyKJIlA273Cfm9RJMM050/3VBejGAG1KcthP5Z2L6SQcbfbf6BhNWO26+ZG+GzMg=="
      },
      "Roslynator.Analyzers": {
        "type": "Direct",
        "requested": "[4.15.0, )",
        "resolved": "4.15.0",
        "contentHash": "E8fu71Y+vzhniJKy1K13Rzwm8Vjcj7CDFBpflqncKUZfc3SzuF0kMBiyMmgXNPkjWTdE3Z+30HlGgYjHONZY/Q=="
      },
      "SonarAnalyzer.CSharp": {
        "type": "Direct",
        "requested": "[10.27.0.140913, )",
        "resolved": "10.27.0.140913",
        "contentHash": "cxk12QjN9io1SjN36B1QO+9dRf+ek2CGfQGsOWtHBojE35cKchKJod48raxZwe47jHhzmAUO4AJSh7+hF0GS4g=="
      },
      "Microsoft.AspNetCore.Authorization": {
        "type": "Transitive",
        "resolved": "8.0.0",
        "contentHash": "OGIGJMnlWvQgcweHcv1Mq/P24Zx/brUHeEdD05NzqkSXmQSnFomTvVyCuBtCXT4JPfv2m70y1RSocmd9bIbJRg==",
        "dependencies": {
          "Microsoft.AspNetCore.Metadata": "8.0.0",
          "Microsoft.Extensions.Logging.Abstractions": "8.0.0",
          "Microsoft.Extensions.Options": "8.0.0"
        }
      },
      "Microsoft.AspNetCore.Components": {
        "type": "Transitive",
        "resolved": "8.0.0",
        "contentHash": "kqspqWo3lT+rrSd39kvrV7SZYl0znYZQbQ8SJaHjDA8ffMPV6BkfVe0i6LvxRPwq/agwSWdIDq2j4x+78Frypg==",
        "dependencies": {
          "Microsoft.AspNetCore.Authorization": "8.0.0",
          "Microsoft.AspNetCore.Components.Analyzers": "8.0.0"
        }
      },
      "Microsoft.AspNetCore.Components.Analyzers": {
        "type": "Transitive",
        "resolved": "8.0.0",
        "contentHash": "lJMa9kQDw3vkqcMMbuicIpyax7QH6imQFbLRzVqJzrGs5LN954IPaJVkDzRCEXFVAN24Cml6g4mEF3b0D7Oa+Q=="
      },
      "Microsoft.AspNetCore.Components.Forms": {
        "type": "Transitive",
        "resolved": "8.0.0",
        "contentHash": "iiYB/7Sl/vTURO4EiTUCmfIXujlJOl+Gh7nknCFhvFQ+kKMFFXYcrszYwLN9aQSolpswc/A9a78KL59/UIezig==",
        "dependencies": {
          "Microsoft.AspNetCore.Components": "8.0.0"
        }
      },
      "Microsoft.AspNetCore.Components.Web": {
        "type": "Transitive",
        "resolved": "8.0.0",
        "contentHash": "aokUKvFoNqxR6bf0+iKrDfQ79OLHWYn5UGYp5MU65/il1vuRK7MAF18oGj7QgiZJUu3cMAZjCFkHbsWLhQxCsA==",
        "dependencies": {
          "Microsoft.AspNetCore.Components": "8.0.0",
          "Microsoft.AspNetCore.Components.Forms": "8.0.0",
          "Microsoft.Extensions.DependencyInjection": "8.0.0",
          "Microsoft.Extensions.Primitives": "8.0.0",
          "Microsoft.JSInterop": "8.0.0"
        }
      },
      "Microsoft.AspNetCore.Metadata": {
        "type": "Transitive",
        "resolved": "8.0.0",
        "contentHash": "OmuSztiZMitRTYlbMNDkBk3BinSsVcOApSNBAsrw+KYNJh6ALarPhWLlKdtvMgrKzpyCY06xtLAjTmQLURHSlQ=="
      },
      "Microsoft.Extensions.DependencyInjection": {
        "type": "Transitive",
        "resolved": "8.0.0",
        "contentHash": "V8S3bsm50ig6JSyrbcJJ8bW2b9QLGouz+G1miK3UTaOWmMtFwNNNzUf4AleyDWUmTrWMLNnFSLEQtxmxgNQnNQ==",
        "dependencies": {
          "Microsoft.Extensions.DependencyInjection.Abstractions": "8.0.0"
        }
      },
      "Microsoft.Extensions.DependencyInjection.Abstractions": {
        "type": "Transitive",
        "resolved": "8.0.0",
        "contentHash": "cjWrLkJXK0rs4zofsK4bSdg+jhDLTaxrkXu4gS6Y7MAlCvRyNNgwY/lJi5RDlQOnSZweHqoyvgvbdvQsRIW+hg=="
      },
      "Microsoft.Extensions.Logging.Abstractions": {
        "type": "Transitive",
        "resolved": "8.0.0",
        "contentHash": "arDBqTgFCyS0EvRV7O3MZturChstm50OJ0y9bDJvAcmEPJm0FFpFyjU/JLYyStNGGey081DvnQYlncNX5SJJGA==",
        "dependencies": {
          "Microsoft.Extensions.DependencyInjection.Abstractions": "8.0.0"
        }
      },
      "Microsoft.Extensions.Options": {
        "type": "Transitive",
        "resolved": "8.0.0",
        "contentHash": "JOVOfqpnqlVLUzINQ2fox8evY2SKLYJ3BV8QDe/Jyp21u1T7r45x/R/5QdteURMR5r01GxeJSBBUOCOyaNXA3g==",
        "dependencies": {
          "Microsoft.Extensions.DependencyInjection.Abstractions": "8.0.0",
          "Microsoft.Extensions.Primitives": "8.0.0"
        }
      },
      "Microsoft.Extensions.Primitives": {
        "type": "Transitive",
        "resolved": "8.0.0",
        "contentHash": "bXJEZrW9ny8vjMF1JV253WeLhpEVzFo1lyaZu1vQ4ZxWUlVvknZ/+ftFgVheLubb4eZPSwwxBeqS1JkCOjxd8g=="
      },
      "Microsoft.JSInterop": {
        "type": "Transitive",
        "resolved": "8.0.0",
        "contentHash": "qQqASbHxWIddssdEBKUQ/49j21SEstiho6VAepPQa9eISLCBCE6wq0m3YaB6cpdF5U+AWX5F3FvDfmssql3xtw=="
      }
    }
  }
}